// !$*UTF8*$!
{
	archiveVersion = 1;
	classes = {
	};
	objectVersion = 56;
	objects = {

/* Begin PBXBuildFile section */
		323C16232906EF7100CC886B /* TheUser.swift in Sources */ = {isa = PBXBuildFile; fileRef = 323C16222906EF7100CC886B /* TheUser.swift */; };
		323C162B290A625300CC886B /* StorageConnection.swift in Sources */ = {isa = PBXBuildFile; fileRef = 323C162A290A625300CC886B /* StorageConnection.swift */; };
		323C162F290A67CD00CC886B /* FirebaseAuth in Frameworks */ = {isa = PBXBuildFile; productRef = 323C162E290A67CD00CC886B /* FirebaseAuth */; };
		323C1631290A67CD00CC886B /* FirebaseFirestore in Frameworks */ = {isa = PBXBuildFile; productRef = 323C1630290A67CD00CC886B /* FirebaseFirestore */; };
		323C1633290A67CD00CC886B /* FirebaseFirestoreSwift in Frameworks */ = {isa = PBXBuildFile; productRef = 323C1632290A67CD00CC886B /* FirebaseFirestoreSwift */; };
		323C1635290A67CD00CC886B /* FirebaseStorage in Frameworks */ = {isa = PBXBuildFile; productRef = 323C1634290A67CD00CC886B /* FirebaseStorage */; };
		3268E83328F4237B0059BF70 /* InternPairingApp.swift in Sources */ = {isa = PBXBuildFile; fileRef = 3268E83228F4237B0059BF70 /* InternPairingApp.swift */; };
		3268E83528F4237B0059BF70 /* ContentView.swift in Sources */ = {isa = PBXBuildFile; fileRef = 3268E83428F4237B0059BF70 /* ContentView.swift */; };
		3268E83728F423810059BF70 /* Assets.xcassets in Resources */ = {isa = PBXBuildFile; fileRef = 3268E83628F423810059BF70 /* Assets.xcassets */; };
		3268E83A28F423810059BF70 /* Preview Assets.xcassets in Resources */ = {isa = PBXBuildFile; fileRef = 3268E83928F423810059BF70 /* Preview Assets.xcassets */; };
		3268E84428F423820059BF70 /* InternPairingTests.swift in Sources */ = {isa = PBXBuildFile; fileRef = 3268E84328F423820059BF70 /* InternPairingTests.swift */; };
		3268E84E28F423820059BF70 /* InternPairingUITests.swift in Sources */ = {isa = PBXBuildFile; fileRef = 3268E84D28F423820059BF70 /* InternPairingUITests.swift */; };
		3268E85028F423820059BF70 /* InternPairingUITestsLaunchTests.swift in Sources */ = {isa = PBXBuildFile; fileRef = 3268E84F28F423820059BF70 /* InternPairingUITestsLaunchTests.swift */; };
		3268E86228F439E20059BF70 /* GoogleService-Info.plist in Resources */ = {isa = PBXBuildFile; fileRef = 3268E86128F439E20059BF70 /* GoogleService-Info.plist */; };
		3268E86528F451980059BF70 /* LoginView.swift in Sources */ = {isa = PBXBuildFile; fileRef = 3268E86428F451980059BF70 /* LoginView.swift */; };
		328DD42E28F6ABDF00F006EB /* SignUpView.swift in Sources */ = {isa = PBXBuildFile; fileRef = 328DD42D28F6ABDF00F006EB /* SignUpView.swift */; };
		328DD43028F6FF5500F006EB /* ProfileView.swift in Sources */ = {isa = PBXBuildFile; fileRef = 328DD42F28F6FF5500F006EB /* ProfileView.swift */; };
		3330A13F28FED94A00BE460E /* UserDetailsView.swift in Sources */ = {isa = PBXBuildFile; fileRef = 3330A13E28FED94A00BE460E /* UserDetailsView.swift */; };
		337E54C929092D53005465C2 /* DateOfBirthToAge.swift in Sources */ = {isa = PBXBuildFile; fileRef = 337E54C829092D53005465C2 /* DateOfBirthToAge.swift */; };
		337E54CB29096166005465C2 /* ColorThemeProtocol.swift in Sources */ = {isa = PBXBuildFile; fileRef = 337E54CA29096166005465C2 /* ColorThemeProtocol.swift */; };
		337E54CD290D8B11005465C2 /* PhotosPickerModel.swift in Sources */ = {isa = PBXBuildFile; fileRef = 337E54CC290D8B11005465C2 /* PhotosPickerModel.swift */; };
		33F19FB728F45ACA00FA46C0 /* DatabaseConnection.swift in Sources */ = {isa = PBXBuildFile; fileRef = 33F19FB628F45ACA00FA46C0 /* DatabaseConnection.swift */; };
		33F19FB928F45E7E00FA46C0 /* SwipeView.swift in Sources */ = {isa = PBXBuildFile; fileRef = 33F19FB828F45E7E00FA46C0 /* SwipeView.swift */; };
/* End PBXBuildFile section */

/* Begin PBXContainerItemProxy section */
		3268E84028F423820059BF70 /* PBXContainerItemProxy */ = {
			isa = PBXContainerItemProxy;
			containerPortal = 3268E82728F4237B0059BF70 /* Project object */;
			proxyType = 1;
			remoteGlobalIDString = 3268E82E28F4237B0059BF70;
			remoteInfo = InternPairing;
		};
		3268E84A28F423820059BF70 /* PBXContainerItemProxy */ = {
			isa = PBXContainerItemProxy;
			containerPortal = 3268E82728F4237B0059BF70 /* Project object */;
			proxyType = 1;
			remoteGlobalIDString = 3268E82E28F4237B0059BF70;
			remoteInfo = InternPairing;
		};
/* End PBXContainerItemProxy section */

/* Begin PBXFileReference section */
		323C16222906EF7100CC886B /* TheUser.swift */ = {isa = PBXFileReference; lastKnownFileType = sourcecode.swift; path = TheUser.swift; sourceTree = "<group>"; };
		323C162A290A625300CC886B /* StorageConnection.swift */ = {isa = PBXFileReference; lastKnownFileType = sourcecode.swift; path = StorageConnection.swift; sourceTree = "<group>"; };
		3268E82F28F4237B0059BF70 /* InternPairing.app */ = {isa = PBXFileReference; explicitFileType = wrapper.application; includeInIndex = 0; path = InternPairing.app; sourceTree = BUILT_PRODUCTS_DIR; };
		3268E83228F4237B0059BF70 /* InternPairingApp.swift */ = {isa = PBXFileReference; lastKnownFileType = sourcecode.swift; path = InternPairingApp.swift; sourceTree = "<group>"; };
		3268E83428F4237B0059BF70 /* ContentView.swift */ = {isa = PBXFileReference; lastKnownFileType = sourcecode.swift; path = ContentView.swift; sourceTree = "<group>"; };
		3268E83628F423810059BF70 /* Assets.xcassets */ = {isa = PBXFileReference; lastKnownFileType = folder.assetcatalog; path = Assets.xcassets; sourceTree = "<group>"; };
		3268E83928F423810059BF70 /* Preview Assets.xcassets */ = {isa = PBXFileReference; lastKnownFileType = folder.assetcatalog; path = "Preview Assets.xcassets"; sourceTree = "<group>"; };
		3268E83F28F423820059BF70 /* InternPairingTests.xctest */ = {isa = PBXFileReference; explicitFileType = wrapper.cfbundle; includeInIndex = 0; path = InternPairingTests.xctest; sourceTree = BUILT_PRODUCTS_DIR; };
		3268E84328F423820059BF70 /* InternPairingTests.swift */ = {isa = PBXFileReference; lastKnownFileType = sourcecode.swift; path = InternPairingTests.swift; sourceTree = "<group>"; };
		3268E84928F423820059BF70 /* InternPairingUITests.xctest */ = {isa = PBXFileReference; explicitFileType = wrapper.cfbundle; includeInIndex = 0; path = InternPairingUITests.xctest; sourceTree = BUILT_PRODUCTS_DIR; };
		3268E84D28F423820059BF70 /* InternPairingUITests.swift */ = {isa = PBXFileReference; lastKnownFileType = sourcecode.swift; path = InternPairingUITests.swift; sourceTree = "<group>"; };
		3268E84F28F423820059BF70 /* InternPairingUITestsLaunchTests.swift */ = {isa = PBXFileReference; lastKnownFileType = sourcecode.swift; path = InternPairingUITestsLaunchTests.swift; sourceTree = "<group>"; };
		3268E86128F439E20059BF70 /* GoogleService-Info.plist */ = {isa = PBXFileReference; fileEncoding = 4; lastKnownFileType = text.plist.xml; path = "GoogleService-Info.plist"; sourceTree = "<group>"; };
		3268E86428F451980059BF70 /* LoginView.swift */ = {isa = PBXFileReference; lastKnownFileType = sourcecode.swift; path = LoginView.swift; sourceTree = "<group>"; };
		328DD42D28F6ABDF00F006EB /* SignUpView.swift */ = {isa = PBXFileReference; lastKnownFileType = sourcecode.swift; path = SignUpView.swift; sourceTree = "<group>"; };
		328DD42F28F6FF5500F006EB /* ProfileView.swift */ = {isa = PBXFileReference; lastKnownFileType = sourcecode.swift; path = ProfileView.swift; sourceTree = "<group>"; };
		3330A13E28FED94A00BE460E /* UserDetailsView.swift */ = {isa = PBXFileReference; lastKnownFileType = sourcecode.swift; path = UserDetailsView.swift; sourceTree = "<group>"; };
		337E54C829092D53005465C2 /* DateOfBirthToAge.swift */ = {isa = PBXFileReference; lastKnownFileType = sourcecode.swift; path = DateOfBirthToAge.swift; sourceTree = "<group>"; };
		337E54CA29096166005465C2 /* ColorThemeProtocol.swift */ = {isa = PBXFileReference; lastKnownFileType = sourcecode.swift; path = ColorThemeProtocol.swift; sourceTree = "<group>"; };
		337E54CC290D8B11005465C2 /* PhotosPickerModel.swift */ = {isa = PBXFileReference; lastKnownFileType = sourcecode.swift; path = PhotosPickerModel.swift; sourceTree = "<group>"; };
		33F19FB628F45ACA00FA46C0 /* DatabaseConnection.swift */ = {isa = PBXFileReference; lastKnownFileType = sourcecode.swift; path = DatabaseConnection.swift; sourceTree = "<group>"; };
		33F19FB828F45E7E00FA46C0 /* SwipeView.swift */ = {isa = PBXFileReference; lastKnownFileType = sourcecode.swift; path = SwipeView.swift; sourceTree = "<group>"; };
/* End PBXFileReference section */

/* Begin PBXFrameworksBuildPhase section */
		3268E82C28F4237B0059BF70 /* Frameworks */ = {
			isa = PBXFrameworksBuildPhase;
			buildActionMask = 2147483647;
			files = (
				323C162F290A67CD00CC886B /* FirebaseAuth in Frameworks */,
				323C1635290A67CD00CC886B /* FirebaseStorage in Frameworks */,
				323C1631290A67CD00CC886B /* FirebaseFirestore in Frameworks */,
				323C1633290A67CD00CC886B /* FirebaseFirestoreSwift in Frameworks */,
			);
			runOnlyForDeploymentPostprocessing = 0;
		};
		3268E83C28F423820059BF70 /* Frameworks */ = {
			isa = PBXFrameworksBuildPhase;
			buildActionMask = 2147483647;
			files = (
			);
			runOnlyForDeploymentPostprocessing = 0;
		};
		3268E84628F423820059BF70 /* Frameworks */ = {
			isa = PBXFrameworksBuildPhase;
			buildActionMask = 2147483647;
			files = (
			);
			runOnlyForDeploymentPostprocessing = 0;
		};
/* End PBXFrameworksBuildPhase section */

/* Begin PBXGroup section */
		323C162C290A62A300CC886B /* Protocols */ = {
			isa = PBXGroup;
			children = (
				337E54CA29096166005465C2 /* ColorThemeProtocol.swift */,
			);
			path = Protocols;
			sourceTree = "<group>";
		};
		3268E82628F4237B0059BF70 = {
			isa = PBXGroup;
			children = (
				3268E83128F4237B0059BF70 /* InternPairing */,
				3268E84228F423820059BF70 /* InternPairingTests */,
				3268E84C28F423820059BF70 /* InternPairingUITests */,
				3268E83028F4237B0059BF70 /* Products */,
			);
			sourceTree = "<group>";
		};
		3268E83028F4237B0059BF70 /* Products */ = {
			isa = PBXGroup;
			children = (
				3268E82F28F4237B0059BF70 /* InternPairing.app */,
				3268E83F28F423820059BF70 /* InternPairingTests.xctest */,
				3268E84928F423820059BF70 /* InternPairingUITests.xctest */,
			);
			name = Products;
			sourceTree = "<group>";
		};
		3268E83128F4237B0059BF70 /* InternPairing */ = {
			isa = PBXGroup;
			children = (
				33F19FAD28F4532E00FA46C0 /* Model */,
				3268E86328F44F890059BF70 /* View */,
				3268E83228F4237B0059BF70 /* InternPairingApp.swift */,
				3268E83628F423810059BF70 /* Assets.xcassets */,
				3268E86128F439E20059BF70 /* GoogleService-Info.plist */,
				3268E83828F423810059BF70 /* Preview Content */,
			);
			path = InternPairing;
			sourceTree = "<group>";
		};
		3268E83828F423810059BF70 /* Preview Content */ = {
			isa = PBXGroup;
			children = (
				3268E83928F423810059BF70 /* Preview Assets.xcassets */,
			);
			path = "Preview Content";
			sourceTree = "<group>";
		};
		3268E84228F423820059BF70 /* InternPairingTests */ = {
			isa = PBXGroup;
			children = (
				3268E84328F423820059BF70 /* InternPairingTests.swift */,
			);
			path = InternPairingTests;
			sourceTree = "<group>";
		};
		3268E84C28F423820059BF70 /* InternPairingUITests */ = {
			isa = PBXGroup;
			children = (
				3268E84D28F423820059BF70 /* InternPairingUITests.swift */,
				3268E84F28F423820059BF70 /* InternPairingUITestsLaunchTests.swift */,
			);
			path = InternPairingUITests;
			sourceTree = "<group>";
		};
		3268E86328F44F890059BF70 /* View */ = {
			isa = PBXGroup;
			children = (
				3268E83428F4237B0059BF70 /* ContentView.swift */,
				3268E86428F451980059BF70 /* LoginView.swift */,
				33F19FB828F45E7E00FA46C0 /* SwipeView.swift */,
				328DD42D28F6ABDF00F006EB /* SignUpView.swift */,
				328DD42F28F6FF5500F006EB /* ProfileView.swift */,
				3330A13E28FED94A00BE460E /* UserDetailsView.swift */,
			);
			path = View;
			sourceTree = "<group>";
		};
		33F19FAD28F4532E00FA46C0 /* Model */ = {
			isa = PBXGroup;
			children = (
				323C162C290A62A300CC886B /* Protocols */,
				323C16222906EF7100CC886B /* TheUser.swift */,
				323C162A290A625300CC886B /* StorageConnection.swift */,
				33F19FB628F45ACA00FA46C0 /* DatabaseConnection.swift */,
				337E54C829092D53005465C2 /* DateOfBirthToAge.swift */,
				337E54CC290D8B11005465C2 /* PhotosPickerModel.swift */,
			);
			path = Model;
			sourceTree = "<group>";
		};
/* End PBXGroup section */

/* Begin PBXNativeTarget section */
		3268E82E28F4237B0059BF70 /* InternPairing */ = {
			isa = PBXNativeTarget;
			buildConfigurationList = 3268E85328F423820059BF70 /* Build configuration list for PBXNativeTarget "InternPairing" */;
			buildPhases = (
				3268E82B28F4237B0059BF70 /* Sources */,
				3268E82C28F4237B0059BF70 /* Frameworks */,
				3268E82D28F4237B0059BF70 /* Resources */,
			);
			buildRules = (
			);
			dependencies = (
			);
			name = InternPairing;
			packageProductDependencies = (
				323C162E290A67CD00CC886B /* FirebaseAuth */,
				323C1630290A67CD00CC886B /* FirebaseFirestore */,
				323C1632290A67CD00CC886B /* FirebaseFirestoreSwift */,
				323C1634290A67CD00CC886B /* FirebaseStorage */,
			);
			productName = InternPairing;
			productReference = 3268E82F28F4237B0059BF70 /* InternPairing.app */;
			productType = "com.apple.product-type.application";
		};
		3268E83E28F423820059BF70 /* InternPairingTests */ = {
			isa = PBXNativeTarget;
			buildConfigurationList = 3268E85628F423820059BF70 /* Build configuration list for PBXNativeTarget "InternPairingTests" */;
			buildPhases = (
				3268E83B28F423820059BF70 /* Sources */,
				3268E83C28F423820059BF70 /* Frameworks */,
				3268E83D28F423820059BF70 /* Resources */,
			);
			buildRules = (
			);
			dependencies = (
				3268E84128F423820059BF70 /* PBXTargetDependency */,
			);
			name = InternPairingTests;
			productName = InternPairingTests;
			productReference = 3268E83F28F423820059BF70 /* InternPairingTests.xctest */;
			productType = "com.apple.product-type.bundle.unit-test";
		};
		3268E84828F423820059BF70 /* InternPairingUITests */ = {
			isa = PBXNativeTarget;
			buildConfigurationList = 3268E85928F423820059BF70 /* Build configuration list for PBXNativeTarget "InternPairingUITests" */;
			buildPhases = (
				3268E84528F423820059BF70 /* Sources */,
				3268E84628F423820059BF70 /* Frameworks */,
				3268E84728F423820059BF70 /* Resources */,
			);
			buildRules = (
			);
			dependencies = (
				3268E84B28F423820059BF70 /* PBXTargetDependency */,
			);
			name = InternPairingUITests;
			productName = InternPairingUITests;
			productReference = 3268E84928F423820059BF70 /* InternPairingUITests.xctest */;
			productType = "com.apple.product-type.bundle.ui-testing";
		};
/* End PBXNativeTarget section */

/* Begin PBXProject section */
		3268E82728F4237B0059BF70 /* Project object */ = {
			isa = PBXProject;
			attributes = {
				BuildIndependentTargetsInParallel = 1;
				LastSwiftUpdateCheck = 1400;
				LastUpgradeCheck = 1400;
				TargetAttributes = {
					3268E82E28F4237B0059BF70 = {
						CreatedOnToolsVersion = 14.0.1;
					};
					3268E83E28F423820059BF70 = {
						CreatedOnToolsVersion = 14.0.1;
						TestTargetID = 3268E82E28F4237B0059BF70;
					};
					3268E84828F423820059BF70 = {
						CreatedOnToolsVersion = 14.0.1;
						TestTargetID = 3268E82E28F4237B0059BF70;
					};
				};
			};
			buildConfigurationList = 3268E82A28F4237B0059BF70 /* Build configuration list for PBXProject "InternPairing" */;
			compatibilityVersion = "Xcode 14.0";
			developmentRegion = en;
			hasScannedForEncodings = 0;
			knownRegions = (
				en,
				Base,
			);
			mainGroup = 3268E82628F4237B0059BF70;
			packageReferences = (
				323C162D290A67CD00CC886B /* XCRemoteSwiftPackageReference "firebase-ios-sdk" */,
			);
			productRefGroup = 3268E83028F4237B0059BF70 /* Products */;
			projectDirPath = "";
			projectRoot = "";
			targets = (
				3268E82E28F4237B0059BF70 /* InternPairing */,
				3268E83E28F423820059BF70 /* InternPairingTests */,
				3268E84828F423820059BF70 /* InternPairingUITests */,
			);
		};
/* End PBXProject section */

/* Begin PBXResourcesBuildPhase section */
		3268E82D28F4237B0059BF70 /* Resources */ = {
			isa = PBXResourcesBuildPhase;
			buildActionMask = 2147483647;
			files = (
				3268E83A28F423810059BF70 /* Preview Assets.xcassets in Resources */,
				3268E83728F423810059BF70 /* Assets.xcassets in Resources */,
				3268E86228F439E20059BF70 /* GoogleService-Info.plist in Resources */,
			);
			runOnlyForDeploymentPostprocessing = 0;
		};
		3268E83D28F423820059BF70 /* Resources */ = {
			isa = PBXResourcesBuildPhase;
			buildActionMask = 2147483647;
			files = (
			);
			runOnlyForDeploymentPostprocessing = 0;
		};
		3268E84728F423820059BF70 /* Resources */ = {
			isa = PBXResourcesBuildPhase;
			buildActionMask = 2147483647;
			files = (
			);
			runOnlyForDeploymentPostprocessing = 0;
		};
/* End PBXResourcesBuildPhase section */

/* Begin PBXSourcesBuildPhase section */
		3268E82B28F4237B0059BF70 /* Sources */ = {
			isa = PBXSourcesBuildPhase;
			buildActionMask = 2147483647;
			files = (
				3268E83528F4237B0059BF70 /* ContentView.swift in Sources */,
				3330A13F28FED94A00BE460E /* UserDetailsView.swift in Sources */,
				33F19FB728F45ACA00FA46C0 /* DatabaseConnection.swift in Sources */,
				337E54C929092D53005465C2 /* DateOfBirthToAge.swift in Sources */,
				3268E83328F4237B0059BF70 /* InternPairingApp.swift in Sources */,
				3268E86528F451980059BF70 /* LoginView.swift in Sources */,
				328DD42E28F6ABDF00F006EB /* SignUpView.swift in Sources */,
				323C16232906EF7100CC886B /* TheUser.swift in Sources */,
				33F19FB928F45E7E00FA46C0 /* SwipeView.swift in Sources */,
				337E54CB29096166005465C2 /* ColorThemeProtocol.swift in Sources */,
				328DD43028F6FF5500F006EB /* ProfileView.swift in Sources */,
				337E54CD290D8B11005465C2 /* PhotosPickerModel.swift in Sources */,
				323C162B290A625300CC886B /* StorageConnection.swift in Sources */,
			);
			runOnlyForDeploymentPostprocessing = 0;
		};
		3268E83B28F423820059BF70 /* Sources */ = {
			isa = PBXSourcesBuildPhase;
			buildActionMask = 2147483647;
			files = (
				3268E84428F423820059BF70 /* InternPairingTests.swift in Sources */,
			);
			runOnlyForDeploymentPostprocessing = 0;
		};
		3268E84528F423820059BF70 /* Sources */ = {
			isa = PBXSourcesBuildPhase;
			buildActionMask = 2147483647;
			files = (
				3268E84E28F423820059BF70 /* InternPairingUITests.swift in Sources */,
				3268E85028F423820059BF70 /* InternPairingUITestsLaunchTests.swift in Sources */,
			);
			runOnlyForDeploymentPostprocessing = 0;
		};
/* End PBXSourcesBuildPhase section */

/* Begin PBXTargetDependency section */
		3268E84128F423820059BF70 /* PBXTargetDependency */ = {
			isa = PBXTargetDependency;
			target = 3268E82E28F4237B0059BF70 /* InternPairing */;
			targetProxy = 3268E84028F423820059BF70 /* PBXContainerItemProxy */;
		};
		3268E84B28F423820059BF70 /* PBXTargetDependency */ = {
			isa = PBXTargetDependency;
			target = 3268E82E28F4237B0059BF70 /* InternPairing */;
			targetProxy = 3268E84A28F423820059BF70 /* PBXContainerItemProxy */;
		};
/* End PBXTargetDependency section */

/* Begin XCBuildConfiguration section */
		3268E85128F423820059BF70 /* Debug */ = {
			isa = XCBuildConfiguration;
			buildSettings = {
				ALWAYS_SEARCH_USER_PATHS = NO;
				CLANG_ANALYZER_NONNULL = YES;
				CLANG_ANALYZER_NUMBER_OBJECT_CONVERSION = YES_AGGRESSIVE;
				CLANG_CXX_LANGUAGE_STANDARD = "gnu++20";
				CLANG_ENABLE_MODULES = YES;
				CLANG_ENABLE_OBJC_ARC = YES;
				CLANG_ENABLE_OBJC_WEAK = YES;
				CLANG_WARN_BLOCK_CAPTURE_AUTORELEASING = YES;
				CLANG_WARN_BOOL_CONVERSION = YES;
				CLANG_WARN_COMMA = YES;
				CLANG_WARN_CONSTANT_CONVERSION = YES;
				CLANG_WARN_DEPRECATED_OBJC_IMPLEMENTATIONS = YES;
				CLANG_WARN_DIRECT_OBJC_ISA_USAGE = YES_ERROR;
				CLANG_WARN_DOCUMENTATION_COMMENTS = YES;
				CLANG_WARN_EMPTY_BODY = YES;
				CLANG_WARN_ENUM_CONVERSION = YES;
				CLANG_WARN_INFINITE_RECURSION = YES;
				CLANG_WARN_INT_CONVERSION = YES;
				CLANG_WARN_NON_LITERAL_NULL_CONVERSION = YES;
				CLANG_WARN_OBJC_IMPLICIT_RETAIN_SELF = YES;
				CLANG_WARN_OBJC_LITERAL_CONVERSION = YES;
				CLANG_WARN_OBJC_ROOT_CLASS = YES_ERROR;
				CLANG_WARN_QUOTED_INCLUDE_IN_FRAMEWORK_HEADER = YES;
				CLANG_WARN_RANGE_LOOP_ANALYSIS = YES;
				CLANG_WARN_STRICT_PROTOTYPES = YES;
				CLANG_WARN_SUSPICIOUS_MOVE = YES;
				CLANG_WARN_UNGUARDED_AVAILABILITY = YES_AGGRESSIVE;
				CLANG_WARN_UNREACHABLE_CODE = YES;
				CLANG_WARN__DUPLICATE_METHOD_MATCH = YES;
				COPY_PHASE_STRIP = NO;
				DEBUG_INFORMATION_FORMAT = dwarf;
				ENABLE_STRICT_OBJC_MSGSEND = YES;
				ENABLE_TESTABILITY = YES;
				GCC_C_LANGUAGE_STANDARD = gnu11;
				GCC_DYNAMIC_NO_PIC = NO;
				GCC_NO_COMMON_BLOCKS = YES;
				GCC_OPTIMIZATION_LEVEL = 0;
				GCC_PREPROCESSOR_DEFINITIONS = (
					"DEBUG=1",
					"$(inherited)",
				);
				GCC_WARN_64_TO_32_BIT_CONVERSION = YES;
				GCC_WARN_ABOUT_RETURN_TYPE = YES_ERROR;
				GCC_WARN_UNDECLARED_SELECTOR = YES;
				GCC_WARN_UNINITIALIZED_AUTOS = YES_AGGRESSIVE;
				GCC_WARN_UNUSED_FUNCTION = YES;
				GCC_WARN_UNUSED_VARIABLE = YES;
				IPHONEOS_DEPLOYMENT_TARGET = 16.0;
				MTL_ENABLE_DEBUG_INFO = INCLUDE_SOURCE;
				MTL_FAST_MATH = YES;
				ONLY_ACTIVE_ARCH = YES;
				SDKROOT = iphoneos;
				SWIFT_ACTIVE_COMPILATION_CONDITIONS = DEBUG;
				SWIFT_OPTIMIZATION_LEVEL = "-Onone";
			};
			name = Debug;
		};
		3268E85228F423820059BF70 /* Release */ = {
			isa = XCBuildConfiguration;
			buildSettings = {
				ALWAYS_SEARCH_USER_PATHS = NO;
				CLANG_ANALYZER_NONNULL = YES;
				CLANG_ANALYZER_NUMBER_OBJECT_CONVERSION = YES_AGGRESSIVE;
				CLANG_CXX_LANGUAGE_STANDARD = "gnu++20";
				CLANG_ENABLE_MODULES = YES;
				CLANG_ENABLE_OBJC_ARC = YES;
				CLANG_ENABLE_OBJC_WEAK = YES;
				CLANG_WARN_BLOCK_CAPTURE_AUTORELEASING = YES;
				CLANG_WARN_BOOL_CONVERSION = YES;
				CLANG_WARN_COMMA = YES;
				CLANG_WARN_CONSTANT_CONVERSION = YES;
				CLANG_WARN_DEPRECATED_OBJC_IMPLEMENTATIONS = YES;
				CLANG_WARN_DIRECT_OBJC_ISA_USAGE = YES_ERROR;
				CLANG_WARN_DOCUMENTATION_COMMENTS = YES;
				CLANG_WARN_EMPTY_BODY = YES;
				CLANG_WARN_ENUM_CONVERSION = YES;
				CLANG_WARN_INFINITE_RECURSION = YES;
				CLANG_WARN_INT_CONVERSION = YES;
				CLANG_WARN_NON_LITERAL_NULL_CONVERSION = YES;
				CLANG_WARN_OBJC_IMPLICIT_RETAIN_SELF = YES;
				CLANG_WARN_OBJC_LITERAL_CONVERSION = YES;
				CLANG_WARN_OBJC_ROOT_CLASS = YES_ERROR;
				CLANG_WARN_QUOTED_INCLUDE_IN_FRAMEWORK_HEADER = YES;
				CLANG_WARN_RANGE_LOOP_ANALYSIS = YES;
				CLANG_WARN_STRICT_PROTOTYPES = YES;
				CLANG_WARN_SUSPICIOUS_MOVE = YES;
				CLANG_WARN_UNGUARDED_AVAILABILITY = YES_AGGRESSIVE;
				CLANG_WARN_UNREACHABLE_CODE = YES;
				CLANG_WARN__DUPLICATE_METHOD_MATCH = YES;
				COPY_PHASE_STRIP = NO;
				DEBUG_INFORMATION_FORMAT = "dwarf-with-dsym";
				ENABLE_NS_ASSERTIONS = NO;
				ENABLE_STRICT_OBJC_MSGSEND = YES;
				GCC_C_LANGUAGE_STANDARD = gnu11;
				GCC_NO_COMMON_BLOCKS = YES;
				GCC_WARN_64_TO_32_BIT_CONVERSION = YES;
				GCC_WARN_ABOUT_RETURN_TYPE = YES_ERROR;
				GCC_WARN_UNDECLARED_SELECTOR = YES;
				GCC_WARN_UNINITIALIZED_AUTOS = YES_AGGRESSIVE;
				GCC_WARN_UNUSED_FUNCTION = YES;
				GCC_WARN_UNUSED_VARIABLE = YES;
				IPHONEOS_DEPLOYMENT_TARGET = 16.0;
				MTL_ENABLE_DEBUG_INFO = NO;
				MTL_FAST_MATH = YES;
				SDKROOT = iphoneos;
				SWIFT_COMPILATION_MODE = wholemodule;
				SWIFT_OPTIMIZATION_LEVEL = "-O";
				VALIDATE_PRODUCT = YES;
			};
			name = Release;
		};
		3268E85428F423820059BF70 /* Debug */ = {
			isa = XCBuildConfiguration;
			buildSettings = {
				ASSETCATALOG_COMPILER_APPICON_NAME = AppIcon;
				ASSETCATALOG_COMPILER_GLOBAL_ACCENT_COLOR_NAME = AccentColor;
				CODE_SIGN_STYLE = Automatic;
				CURRENT_PROJECT_VERSION = 1;
				DEVELOPMENT_ASSET_PATHS = "\"InternPairing/Preview Content\"";
				DEVELOPMENT_TEAM = TV733B8KV8;
				ENABLE_PREVIEWS = YES;
				GENERATE_INFOPLIST_FILE = YES;
				INFOPLIST_KEY_UIApplicationSceneManifest_Generation = YES;
				INFOPLIST_KEY_UIApplicationSupportsIndirectInputEvents = YES;
				INFOPLIST_KEY_UILaunchScreen_Generation = YES;
				INFOPLIST_KEY_UISupportedInterfaceOrientations_iPad = "UIInterfaceOrientationPortrait UIInterfaceOrientationPortraitUpsideDown UIInterfaceOrientationLandscapeLeft UIInterfaceOrientationLandscapeRight";
				INFOPLIST_KEY_UISupportedInterfaceOrientations_iPhone = "UIInterfaceOrientationPortrait UIInterfaceOrientationLandscapeLeft UIInterfaceOrientationLandscapeRight";
				LD_RUNPATH_SEARCH_PATHS = (
					"$(inherited)",
					"@executable_path/Frameworks",
				);
				MARKETING_VERSION = 1.0;
				PRODUCT_BUNDLE_IDENTIFIER = com.jojjenator.InternPairing;
				PRODUCT_NAME = "$(TARGET_NAME)";
				SWIFT_EMIT_LOC_STRINGS = YES;
				SWIFT_VERSION = 5.0;
				TARGETED_DEVICE_FAMILY = "1,2";
			};
			name = Debug;
		};
		3268E85528F423820059BF70 /* Release */ = {
			isa = XCBuildConfiguration;
			buildSettings = {
				ASSETCATALOG_COMPILER_APPICON_NAME = AppIcon;
				ASSETCATALOG_COMPILER_GLOBAL_ACCENT_COLOR_NAME = AccentColor;
				CODE_SIGN_STYLE = Automatic;
				CURRENT_PROJECT_VERSION = 1;
				DEVELOPMENT_ASSET_PATHS = "\"InternPairing/Preview Content\"";
				DEVELOPMENT_TEAM = TV733B8KV8;
				ENABLE_PREVIEWS = YES;
				GENERATE_INFOPLIST_FILE = YES;
				INFOPLIST_KEY_UIApplicationSceneManifest_Generation = YES;
				INFOPLIST_KEY_UIApplicationSupportsIndirectInputEvents = YES;
				INFOPLIST_KEY_UILaunchScreen_Generation = YES;
				INFOPLIST_KEY_UISupportedInterfaceOrientations_iPad = "UIInterfaceOrientationPortrait UIInterfaceOrientationPortraitUpsideDown UIInterfaceOrientationLandscapeLeft UIInterfaceOrientationLandscapeRight";
				INFOPLIST_KEY_UISupportedInterfaceOrientations_iPhone = "UIInterfaceOrientationPortrait UIInterfaceOrientationLandscapeLeft UIInterfaceOrientationLandscapeRight";
				LD_RUNPATH_SEARCH_PATHS = (
					"$(inherited)",
					"@executable_path/Frameworks",
				);
				MARKETING_VERSION = 1.0;
				PRODUCT_BUNDLE_IDENTIFIER = com.jojjenator.InternPairing;
				PRODUCT_NAME = "$(TARGET_NAME)";
				SWIFT_EMIT_LOC_STRINGS = YES;
				SWIFT_VERSION = 5.0;
				TARGETED_DEVICE_FAMILY = "1,2";
			};
			name = Release;
		};
		3268E85728F423820059BF70 /* Debug */ = {
			isa = XCBuildConfiguration;
			buildSettings = {
				ALWAYS_EMBED_SWIFT_STANDARD_LIBRARIES = YES;
				BUNDLE_LOADER = "$(TEST_HOST)";
				CODE_SIGN_STYLE = Automatic;
				CURRENT_PROJECT_VERSION = 1;
				DEVELOPMENT_TEAM = TV733B8KV8;
				GENERATE_INFOPLIST_FILE = YES;
				IPHONEOS_DEPLOYMENT_TARGET = 16.0;
				MARKETING_VERSION = 1.0;
				PRODUCT_BUNDLE_IDENTIFIER = com.jojjenator.InternPairingTests;
				PRODUCT_NAME = "$(TARGET_NAME)";
				SWIFT_EMIT_LOC_STRINGS = NO;
				SWIFT_VERSION = 5.0;
				TARGETED_DEVICE_FAMILY = "1,2";
				TEST_HOST = "$(BUILT_PRODUCTS_DIR)/InternPairing.app/$(BUNDLE_EXECUTABLE_FOLDER_PATH)/InternPairing";
			};
			name = Debug;
		};
		3268E85828F423820059BF70 /* Release */ = {
			isa = XCBuildConfiguration;
			buildSettings = {
				ALWAYS_EMBED_SWIFT_STANDARD_LIBRARIES = YES;
				BUNDLE_LOADER = "$(TEST_HOST)";
				CODE_SIGN_STYLE = Automatic;
				CURRENT_PROJECT_VERSION = 1;
				DEVELOPMENT_TEAM = TV733B8KV8;
				GENERATE_INFOPLIST_FILE = YES;
				IPHONEOS_DEPLOYMENT_TARGET = 16.0;
				MARKETING_VERSION = 1.0;
				PRODUCT_BUNDLE_IDENTIFIER = com.jojjenator.InternPairingTests;
				PRODUCT_NAME = "$(TARGET_NAME)";
				SWIFT_EMIT_LOC_STRINGS = NO;
				SWIFT_VERSION = 5.0;
				TARGETED_DEVICE_FAMILY = "1,2";
				TEST_HOST = "$(BUILT_PRODUCTS_DIR)/InternPairing.app/$(BUNDLE_EXECUTABLE_FOLDER_PATH)/InternPairing";
			};
			name = Release;
		};
		3268E85A28F423820059BF70 /* Debug */ = {
			isa = XCBuildConfiguration;
			buildSettings = {
				ALWAYS_EMBED_SWIFT_STANDARD_LIBRARIES = YES;
				CODE_SIGN_STYLE = Automatic;
				CURRENT_PROJECT_VERSION = 1;
				DEVELOPMENT_TEAM = TV733B8KV8;
				GENERATE_INFOPLIST_FILE = YES;
				MARKETING_VERSION = 1.0;
				PRODUCT_BUNDLE_IDENTIFIER = com.jojjenator.InternPairingUITests;
				PRODUCT_NAME = "$(TARGET_NAME)";
				SWIFT_EMIT_LOC_STRINGS = NO;
				SWIFT_VERSION = 5.0;
				TARGETED_DEVICE_FAMILY = "1,2";
				TEST_TARGET_NAME = InternPairing;
			};
			name = Debug;
		};
		3268E85B28F423820059BF70 /* Release */ = {
			isa = XCBuildConfiguration;
			buildSettings = {
				ALWAYS_EMBED_SWIFT_STANDARD_LIBRARIES = YES;
				CODE_SIGN_STYLE = Automatic;
				CURRENT_PROJECT_VERSION = 1;
				DEVELOPMENT_TEAM = TV733B8KV8;
				GENERATE_INFOPLIST_FILE = YES;
				MARKETING_VERSION = 1.0;
				PRODUCT_BUNDLE_IDENTIFIER = com.jojjenator.InternPairingUITests;
				PRODUCT_NAME = "$(TARGET_NAME)";
				SWIFT_EMIT_LOC_STRINGS = NO;
				SWIFT_VERSION = 5.0;
				TARGETED_DEVICE_FAMILY = "1,2";
				TEST_TARGET_NAME = InternPairing;
			};
			name = Release;
		};
/* End XCBuildConfiguration section */

/* Begin XCConfigurationList section */
		3268E82A28F4237B0059BF70 /* Build configuration list for PBXProject "InternPairing" */ = {
			isa = XCConfigurationList;
			buildConfigurations = (
				3268E85128F423820059BF70 /* Debug */,
				3268E85228F423820059BF70 /* Release */,
			);
			defaultConfigurationIsVisible = 0;
			defaultConfigurationName = Release;
		};
		3268E85328F423820059BF70 /* Build configuration list for PBXNativeTarget "InternPairing" */ = {
			isa = XCConfigurationList;
			buildConfigurations = (
				3268E85428F423820059BF70 /* Debug */,
				3268E85528F423820059BF70 /* Release */,
			);
			defaultConfigurationIsVisible = 0;
			defaultConfigurationName = Release;
		};
		3268E85628F423820059BF70 /* Build configuration list for PBXNativeTarget "InternPairingTests" */ = {
			isa = XCConfigurationList;
			buildConfigurations = (
				3268E85728F423820059BF70 /* Debug */,
				3268E85828F423820059BF70 /* Release */,
			);
			defaultConfigurationIsVisible = 0;
			defaultConfigurationName = Release;
		};
		3268E85928F423820059BF70 /* Build configuration list for PBXNativeTarget "InternPairingUITests" */ = {
			isa = XCConfigurationList;
			buildConfigurations = (
				3268E85A28F423820059BF70 /* Debug */,
				3268E85B28F423820059BF70 /* Release */,
			);
			defaultConfigurationIsVisible = 0;
			defaultConfigurationName = Release;
		};
/* End XCConfigurationList section */

/* Begin XCRemoteSwiftPackageReference section */
		323C162D290A67CD00CC886B /* XCRemoteSwiftPackageReference "firebase-ios-sdk" */ = {
			isa = XCRemoteSwiftPackageReference;
			repositoryURL = "https://github.com/firebase/firebase-ios-sdk";
			requirement = {
				branch = master;
				kind = branch;
			};
		};
/* End XCRemoteSwiftPackageReference section */

/* Begin XCSwiftPackageProductDependency section */
		323C162E290A67CD00CC886B /* FirebaseAuth */ = {
			isa = XCSwiftPackageProductDependency;
			package = 323C162D290A67CD00CC886B /* XCRemoteSwiftPackageReference "firebase-ios-sdk" */;
			productName = FirebaseAuth;
		};
		323C1630290A67CD00CC886B /* FirebaseFirestore */ = {
			isa = XCSwiftPackageProductDependency;
			package = 323C162D290A67CD00CC886B /* XCRemoteSwiftPackageReference "firebase-ios-sdk" */;
			productName = FirebaseFirestore;
		};
		323C1632290A67CD00CC886B /* FirebaseFirestoreSwift */ = {
			isa = XCSwiftPackageProductDependency;
			package = 323C162D290A67CD00CC886B /* XCRemoteSwiftPackageReference "firebase-ios-sdk" */;
			productName = FirebaseFirestoreSwift;
		};
		323C1634290A67CD00CC886B /* FirebaseStorage */ = {
			isa = XCSwiftPackageProductDependency;
			package = 323C162D290A67CD00CC886B /* XCRemoteSwiftPackageReference "firebase-ios-sdk" */;
			productName = FirebaseStorage;
		};
/* End XCSwiftPackageProductDependency section */
	};
	rootObject = 3268E82728F4237B0059BF70 /* Project object */;
}
